{
  "version": 4,
  "terraform_version": "1.4.6",
  "serial": 38,
  "lineage": "09602ed6-35c0-be0b-df57-d1c8c70aa5dd",
  "outputs": {},
  "resources": [
    {
      "mode": "managed",
      "type": "aws_ebs_volume",
      "name": "ebs_vol1",
      "provider": "provider[\"registry.terraform.io/hashicorp/aws\"]",
      "instances": [
        {
          "schema_version": 0,
          "attributes": {
            "arn": "arn:aws:ec2:us-east-1:967512478045:volume/vol-0282db0fc1e3f5ad1",
            "availability_zone": "us-east-1b",
            "encrypted": false,
            "final_snapshot": false,
            "id": "vol-0282db0fc1e3f5ad1",
            "iops": 100,
            "kms_key_id": "",
            "multi_attach_enabled": false,
            "outpost_arn": "",
            "size": 10,
            "snapshot_id": "",
            "tags": {
              "Name": "webapp_vol"
            },
            "tags_all": {
              "Name": "webapp_vol"
            },
            "throughput": 0,
            "timeouts": null,
            "type": "gp2"
          },
          "sensitive_attributes": [],
          "private": "eyJlMmJmYjczMC1lY2FhLTExZTYtOGY4OC0zNDM2M2JjN2M0YzAiOnsiY3JlYXRlIjozMDAwMDAwMDAwMDAsImRlbGV0ZSI6MzAwMDAwMDAwMDAwLCJ1cGRhdGUiOjMwMDAwMDAwMDAwMH19",
          "dependencies": [
            "aws_instance.Webapp_inst",
            "aws_key_pair.key_pair_app",
            "aws_security_group.webapp_SG",
            "tls_private_key.instance_key"
          ]
        }
      ]
    },
    {
      "mode": "managed",
      "type": "aws_instance",
      "name": "Webapp_inst",
      "provider": "provider[\"registry.terraform.io/hashicorp/aws\"]",
      "instances": [
        {
          "schema_version": 1,
          "attributes": {
            "ami": "ami-0889a44b331db0194",
            "arn": "arn:aws:ec2:us-east-1:967512478045:instance/i-07eda6b512027f082",
            "associate_public_ip_address": true,
            "availability_zone": "us-east-1b",
            "capacity_reservation_specification": [
              {
                "capacity_reservation_preference": "open",
                "capacity_reservation_target": []
              }
            ],
            "cpu_core_count": 1,
            "cpu_options": [
              {
                "amd_sev_snp": "",
                "core_count": 1,
                "threads_per_core": 1
              }
            ],
            "cpu_threads_per_core": 1,
            "credit_specification": [
              {
                "cpu_credits": "standard"
              }
            ],
            "disable_api_stop": false,
            "disable_api_termination": false,
            "ebs_block_device": [
              {
                "delete_on_termination": false,
                "device_name": "/dev/xvdh",
                "encrypted": false,
                "iops": 100,
                "kms_key_id": "",
                "snapshot_id": "",
                "tags": {
                  "Name": "webapp_vol"
                },
                "throughput": 0,
                "volume_id": "vol-0282db0fc1e3f5ad1",
                "volume_size": 10,
                "volume_type": "gp2"
              }
            ],
            "ebs_optimized": false,
            "enclave_options": [
              {
                "enabled": false
              }
            ],
            "ephemeral_block_device": [],
            "get_password_data": false,
            "hibernation": false,
            "host_id": "",
            "host_resource_group_arn": null,
            "iam_instance_profile": "",
            "id": "i-07eda6b512027f082",
            "instance_initiated_shutdown_behavior": "stop",
            "instance_state": "running",
            "instance_type": "t2.micro",
            "ipv6_address_count": 0,
            "ipv6_addresses": [],
            "key_name": "Webapp_key",
            "launch_template": [],
            "maintenance_options": [
              {
                "auto_recovery": "default"
              }
            ],
            "metadata_options": [
              {
                "http_endpoint": "enabled",
                "http_put_response_hop_limit": 2,
                "http_tokens": "required",
                "instance_metadata_tags": "disabled"
              }
            ],
            "monitoring": false,
            "network_interface": [],
            "outpost_arn": "",
            "password_data": "",
            "placement_group": "",
            "placement_partition_number": 0,
            "primary_network_interface_id": "eni-0d51277fdecf1443e",
            "private_dns": "ip-172-31-18-91.ec2.internal",
            "private_dns_name_options": [
              {
                "enable_resource_name_dns_a_record": false,
                "enable_resource_name_dns_aaaa_record": false,
                "hostname_type": "ip-name"
              }
            ],
            "private_ip": "172.31.18.91",
            "public_dns": "ec2-54-163-55-9.compute-1.amazonaws.com",
            "public_ip": "54.163.55.9",
            "root_block_device": [
              {
                "delete_on_termination": true,
                "device_name": "/dev/xvda",
                "encrypted": false,
                "iops": 3000,
                "kms_key_id": "",
                "tags": {},
                "throughput": 125,
                "volume_id": "vol-0a4da36b9771e4d24",
                "volume_size": 8,
                "volume_type": "gp3"
              }
            ],
            "secondary_private_ips": [],
            "security_groups": [
              "terraform-20230514102318745800000001"
            ],
            "source_dest_check": true,
            "subnet_id": "subnet-0d0345016dc004a4d",
            "tags": {
              "Name": "Instance created by Terraform"
            },
            "tags_all": {
              "Name": "Instance created by Terraform"
            },
            "tenancy": "default",
            "timeouts": null,
            "user_data": null,
            "user_data_base64": null,
            "user_data_replace_on_change": false,
            "volume_tags": null,
            "vpc_security_group_ids": [
              "sg-0a35fedf3ee875de0"
            ]
          },
          "sensitive_attributes": [],
          "private": "eyJlMmJmYjczMC1lY2FhLTExZTYtOGY4OC0zNDM2M2JjN2M0YzAiOnsiY3JlYXRlIjo2MDAwMDAwMDAwMDAsImRlbGV0ZSI6MTIwMDAwMDAwMDAwMCwidXBkYXRlIjo2MDAwMDAwMDAwMDB9LCJzY2hlbWFfdmVyc2lvbiI6IjEifQ==",
          "dependencies": [
            "aws_key_pair.key_pair_app",
            "aws_security_group.webapp_SG",
            "tls_private_key.instance_key"
          ]
        }
      ]
    },
    {
      "mode": "managed",
      "type": "aws_key_pair",
      "name": "key_pair_app",
      "provider": "provider[\"registry.terraform.io/hashicorp/aws\"]",
      "instances": [
        {
          "schema_version": 1,
          "attributes": {
            "arn": "arn:aws:ec2:us-east-1:967512478045:key-pair/Webapp_key",
            "fingerprint": "85:e1:0f:bf:e7:a4:f6:91:0d:61:28:20:41:c2:96:43",
            "id": "Webapp_key",
            "key_name": "Webapp_key",
            "key_name_prefix": "",
            "key_pair_id": "key-05b189ac4b3db1db4",
            "key_type": "rsa",
            "public_key": "ssh-rsa AAAAB3NzaC1yc2EAAAADAQABAAABAQDbp6ckwa1xpxZ8PDGx8U5NwtQV6mBsgSAeL7/TDa9h9Gt8pafQdkyo29frW0AvG5KqkzuVp4IFBhoMPaZ4XozEQgxiCOdnRrtNC9rVDqDXp93dXNsmeNfxplmWk0oIbImeUm0Ug2hLUg1z9ysMmkZ0mjDUV+YG8q+Y0gNLGAI5yBWUZxkC3T43uz/lkeAM4rx1Nqu+AHNxr9tIvD/ZIPNIVgh3h6X3A4Vu2fM05oGsiiLD0IHa0qCQvJUXSxr/L4GGIZF1xoZnHpne0UMjnQnTDJfXvdOMakj9K+NtaT9jZ9GF51G5vUc/D6QV1VggTQsqFw1Ljl5CasyiaK0pNyWh",
            "tags": {},
            "tags_all": {}
          },
          "sensitive_attributes": [],
          "private": "eyJzY2hlbWFfdmVyc2lvbiI6IjEifQ==",
          "dependencies": [
            "tls_private_key.instance_key"
          ]
        }
      ]
    },
    {
      "mode": "managed",
      "type": "aws_security_group",
      "name": "webapp_SG",
      "provider": "provider[\"registry.terraform.io/hashicorp/aws\"]",
      "instances": [
        {
          "schema_version": 1,
          "attributes": {
            "arn": "arn:aws:ec2:us-east-1:967512478045:security-group/sg-0a35fedf3ee875de0",
            "description": "Managed by Terraform",
            "egress": [],
            "id": "sg-0a35fedf3ee875de0",
            "ingress": [],
            "name": "terraform-20230514102318745800000001",
            "name_prefix": "terraform-",
            "owner_id": "967512478045",
            "revoke_rules_on_delete": false,
            "tags": {
              "type": "terraform-test-security-group"
            },
            "tags_all": {
              "type": "terraform-test-security-group"
            },
            "timeouts": null,
            "vpc_id": "vpc-0b68e6c0e171e6b69"
          },
          "sensitive_attributes": [],
          "private": "eyJlMmJmYjczMC1lY2FhLTExZTYtOGY4OC0zNDM2M2JjN2M0YzAiOnsiY3JlYXRlIjo2MDAwMDAwMDAwMDAsImRlbGV0ZSI6OTAwMDAwMDAwMDAwfSwic2NoZW1hX3ZlcnNpb24iOiIxIn0="
        }
      ]
    },
    {
      "mode": "managed",
      "type": "aws_volume_attachment",
      "name": "inst_ebs_attach",
      "provider": "provider[\"registry.terraform.io/hashicorp/aws\"]",
      "instances": [
        {
          "schema_version": 0,
          "attributes": {
            "device_name": "/dev/xvdh",
            "force_detach": null,
            "id": "vai-1323493806",
            "instance_id": "i-07eda6b512027f082",
            "skip_destroy": null,
            "stop_instance_before_detaching": null,
            "timeouts": null,
            "volume_id": "vol-0282db0fc1e3f5ad1"
          },
          "sensitive_attributes": [],
          "private": "eyJlMmJmYjczMC1lY2FhLTExZTYtOGY4OC0zNDM2M2JjN2M0YzAiOnsiY3JlYXRlIjozMDAwMDAwMDAwMDAsImRlbGV0ZSI6MzAwMDAwMDAwMDAwfX0=",
          "dependencies": [
            "aws_ebs_volume.ebs_vol1",
            "aws_instance.Webapp_inst",
            "aws_key_pair.key_pair_app",
            "aws_security_group.webapp_SG",
            "tls_private_key.instance_key"
          ]
        }
      ]
    },
    {
      "mode": "managed",
      "type": "tls_private_key",
      "name": "instance_key",
      "provider": "provider[\"registry.terraform.io/hashicorp/tls\"]",
      "instances": [
        {
          "schema_version": 1,
          "attributes": {
            "algorithm": "RSA",
            "ecdsa_curve": "P224",
            "id": "255a5e968488bbc17eada0cae38de2b5e8389f58",
            "private_key_openssh": "-----BEGIN OPENSSH PRIVATE KEY-----\nb3BlbnNzaC1rZXktdjEAAAAABG5vbmUAAAAEbm9uZQAAAAAAAAABAAABFwAAAAdz\nc2gtcnNhAAAAAwEAAQAAAQEA26enJMGtcacWfDwxsfFOTcLUFepgbIEgHi+/0w2v\nYfRrfKWn0HZMqNvX61tALxuSqpM7laeCBQYaDD2meF6MxEIMYgjnZ0a7TQva1Q6g\n16fd3VzbJnjX8aZZlpNKCGyJnlJtFINoS1INc/crDJpGdJow1FfmBvKvmNIDSxgC\nOcgVlGcZAt0+N7s/5ZHgDOK8dTarvgBzca/bSLw/2SDzSFYId4el9wOFbtnzNOaB\nrIoiw9CB2tKgkLyVF0sa/y+BhiGRdcaGZx6Z3tFDI50J0wyX173TjGpI/SvjbWk/\nY2fRhedRub1HPw+kFdVYIE0LKhcNS45eQmrMomitKTcloQAAA7iY80/rmPNP6wAA\nAAdzc2gtcnNhAAABAQDbp6ckwa1xpxZ8PDGx8U5NwtQV6mBsgSAeL7/TDa9h9Gt8\npafQdkyo29frW0AvG5KqkzuVp4IFBhoMPaZ4XozEQgxiCOdnRrtNC9rVDqDXp93d\nXNsmeNfxplmWk0oIbImeUm0Ug2hLUg1z9ysMmkZ0mjDUV+YG8q+Y0gNLGAI5yBWU\nZxkC3T43uz/lkeAM4rx1Nqu+AHNxr9tIvD/ZIPNIVgh3h6X3A4Vu2fM05oGsiiLD\n0IHa0qCQvJUXSxr/L4GGIZF1xoZnHpne0UMjnQnTDJfXvdOMakj9K+NtaT9jZ9GF\n51G5vUc/D6QV1VggTQsqFw1Ljl5CasyiaK0pNyWhAAAAAwEAAQAAAQAMOgjTwvQk\nn2hhAfjCLuxs56tmjOVRJN7kz0OeO+THTxOsnIv6zpr1y0b5ktq/xIkldYybh/d0\n0CIjDEt358tuIT8PNe+rkARdBYvo0Cej2XRAHisUuSVMDjZua0Rzs5b1eSEZQzdK\n+gZFrjx3Nx803mBZcYscV+XuW8JTK8Lz9FTThN835XpwlMogK5LDjCtn8rEbmn/t\nQXGEUAB59seX31TJc0/XpvqFFPEjbPWRawbpTBr+B33fq373CJ+RHvoJSNDIJ2V7\nTE3l5mrYSVD+GmMPJiUa3xKklGLOanSGHLKob7luIN9TX5hlJMOz8dkIn3F1Arw1\n9sD5FpltV4kBAAAAgQCB21+BihnEu/f80NTJVG6Zmu2Yog7Ba8XvmqKJHGRa5KqZ\n9UksHI1NCVnGsKlyHhmActmKse69LSp7cGSjPskqwfAlNlKk4iyOMcRnY2ALd8cc\nGowvNTxnOdy1QQREEqVNMdS6DUCJ5U29KxtDCtJoSF4T0MdlARN34sdu9Vw53AAA\nAIEA9sw5Pwt4rNKoT94Z6CwoymBlbgpcaFME8B+yaHB5FB0YMxzNgU3X5Jfbv7BM\n3btnjonbVMLnTXjF7Z3I6UIsYrcBbheLiVQmkSbauguyzHjBV2ADDEtejifFkJdh\nKIcR7w2NVj+EOIxnRWWxxhiq4r+kTfiMK10S9xVS165u0V8AAACBAOPYVzQEiXTm\nQDip4C71AwBjjB1Ci6fEvzcbdUt7O/kWi4qiBLgaGGNcpRAfrle0djR7/duKRW/I\ntaCPbqS0IcamgR2vnxWWNkQSm4kvM7GankILS1JpLHc1d8Uqby5mWuIcHThCe3tP\n7Sh188quisp88OrNGbEpoFRwe9Uz+mj/AAAAAAEC\n-----END OPENSSH PRIVATE KEY-----\n",
            "private_key_pem": "-----BEGIN RSA PRIVATE KEY-----\nMIIEpAIBAAKCAQEA26enJMGtcacWfDwxsfFOTcLUFepgbIEgHi+/0w2vYfRrfKWn\n0HZMqNvX61tALxuSqpM7laeCBQYaDD2meF6MxEIMYgjnZ0a7TQva1Q6g16fd3Vzb\nJnjX8aZZlpNKCGyJnlJtFINoS1INc/crDJpGdJow1FfmBvKvmNIDSxgCOcgVlGcZ\nAt0+N7s/5ZHgDOK8dTarvgBzca/bSLw/2SDzSFYId4el9wOFbtnzNOaBrIoiw9CB\n2tKgkLyVF0sa/y+BhiGRdcaGZx6Z3tFDI50J0wyX173TjGpI/SvjbWk/Y2fRhedR\nub1HPw+kFdVYIE0LKhcNS45eQmrMomitKTcloQIDAQABAoIBAAw6CNPC9CSfaGEB\n+MIu7Gznq2aM5VEk3uTPQ5475MdPE6yci/rOmvXLRvmS2r/EiSV1jJuH93TQIiMM\nS3fny24hPw8176uQBF0Fi+jQJ6PZdEAeKxS5JUwONm5rRHOzlvV5IRlDN0r6BkWu\nPHc3HzTeYFlxixxX5e5bwlMrwvP0VNOE3zflenCUyiArksOMK2fysRuaf+1BcYRQ\nAHn2x5ffVMlzT9em+oUU8SNs9ZFrBulMGv4Hfd+rfvcIn5Ee+glI0MgnZXtMTeXm\nathJUP4aYw8mJRrfEqSUYs5qdIYcsqhvuW4g31NfmGUkw7Px2QifcXUCvDX2wPkW\nmW1XiQECgYEA9sw5Pwt4rNKoT94Z6CwoymBlbgpcaFME8B+yaHB5FB0YMxzNgU3X\n5Jfbv7BM3btnjonbVMLnTXjF7Z3I6UIsYrcBbheLiVQmkSbauguyzHjBV2ADDEte\njifFkJdhKIcR7w2NVj+EOIxnRWWxxhiq4r+kTfiMK10S9xVS165u0V8CgYEA49hX\nNASJdOZAOKngLvUDAGOMHUKLp8S/Nxt1S3s7+RaLiqIEuBoYY1ylEB+uV7R2NHv9\n24pFb8i1oI9upLQhxqaBHa+fFZY2RBKbiS8zsZqeQgtLUmksdzV3xSpvLmZa4hwd\nOEJ7e0/tKHXzyq6Kynzw6s0ZsSmgVHB71TP6aP8CgYEA6kTdqmy3NkYZIwdPTEZu\nyfxLC/Ol2BnGPDG6Zs0tAdzEVfBnWvCLmSBVplYyAOCd4n4VxxXj/nRAXdhDGLiJ\n7YKORvTurYNFwM9DHQtxxAp0bP5kpkz9Cq/SJ/iqb5AXg/Y3TcGpPwx4EzX/VG2h\n+O+1hZYDaD5HfGevZbDc3L0CgYAbvVwoliDSHbJV88C6ltPtuTD24wIzw81v/STT\nssZDdk44667dZzfu6Pmjs+e6/9qgWzQ2BWicynfqe2wCG3g9QkpX/ejFbQtgUE+l\nbRzDE8sOyWc7OljSjqztUVRF9uo7uyaHkfiMs9dw5KNw2r1FF98RBzWIj0PY4/T/\nqRtkqwKBgQCB21+BihnEu/f80NTJVG6Zmu2Yog7Ba8XvmqKJHGRa5KqZ9UksHI1N\nCVnGsKlyHhmActmKse69LSp7cGSjPskqwfAlNlKk4iyOMcRnY2ALd8ccGowvNTxn\nOdy1QQREEqVNMdS6DUCJ5U29KxtDCtJoSF4T0MdlARN34sdu9Vw53A==\n-----END RSA PRIVATE KEY-----\n",
            "private_key_pem_pkcs8": "-----BEGIN PRIVATE KEY-----\nMIIEvgIBADANBgkqhkiG9w0BAQEFAASCBKgwggSkAgEAAoIBAQDbp6ckwa1xpxZ8\nPDGx8U5NwtQV6mBsgSAeL7/TDa9h9Gt8pafQdkyo29frW0AvG5KqkzuVp4IFBhoM\nPaZ4XozEQgxiCOdnRrtNC9rVDqDXp93dXNsmeNfxplmWk0oIbImeUm0Ug2hLUg1z\n9ysMmkZ0mjDUV+YG8q+Y0gNLGAI5yBWUZxkC3T43uz/lkeAM4rx1Nqu+AHNxr9tI\nvD/ZIPNIVgh3h6X3A4Vu2fM05oGsiiLD0IHa0qCQvJUXSxr/L4GGIZF1xoZnHpne\n0UMjnQnTDJfXvdOMakj9K+NtaT9jZ9GF51G5vUc/D6QV1VggTQsqFw1Ljl5Casyi\naK0pNyWhAgMBAAECggEADDoI08L0JJ9oYQH4wi7sbOerZozlUSTe5M9Dnjvkx08T\nrJyL+s6a9ctG+ZLav8SJJXWMm4f3dNAiIwxLd+fLbiE/DzXvq5AEXQWL6NAno9l0\nQB4rFLklTA42bmtEc7OW9XkhGUM3SvoGRa48dzcfNN5gWXGLHFfl7lvCUyvC8/RU\n04TfN+V6cJTKICuSw4wrZ/KxG5p/7UFxhFAAefbHl99UyXNP16b6hRTxI2z1kWsG\n6Uwa/gd936t+9wifkR76CUjQyCdle0xN5eZq2ElQ/hpjDyYlGt8SpJRizmp0hhyy\nqG+5biDfU1+YZSTDs/HZCJ9xdQK8NfbA+RaZbVeJAQKBgQD2zDk/C3is0qhP3hno\nLCjKYGVuClxoUwTwH7JocHkUHRgzHM2BTdfkl9u/sEzdu2eOidtUwudNeMXtncjp\nQixitwFuF4uJVCaRJtq6C7LMeMFXYAMMS16OJ8WQl2EohxHvDY1WP4Q4jGdFZbHG\nGKriv6RN+IwrXRL3FVLXrm7RXwKBgQDj2Fc0BIl05kA4qeAu9QMAY4wdQounxL83\nG3VLezv5FouKogS4GhhjXKUQH65XtHY0e/3bikVvyLWgj26ktCHGpoEdr58VljZE\nEpuJLzOxmp5CC0tSaSx3NXfFKm8uZlriHB04Qnt7T+0odfPKrorKfPDqzRmxKaBU\ncHvVM/po/wKBgQDqRN2qbLc2RhkjB09MRm7J/EsL86XYGcY8MbpmzS0B3MRV8Gda\n8IuZIFWmVjIA4J3ifhXHFeP+dEBd2EMYuIntgo5G9O6tg0XAz0MdC3HECnRs/mSm\nTP0Kr9In+KpvkBeD9jdNwak/DHgTNf9UbaH477WFlgNoPkd8Z69lsNzcvQKBgBu9\nXCiWINIdslXzwLqW0+25MPbjAjPDzW/9JNOyxkN2Tjjrrt1nN+7o+aOz57r/2qBb\nNDYFaJzKd+p7bAIbeD1CSlf96MVtC2BQT6VtHMMTyw7JZzs6WNKOrO1RVEX26ju7\nJoeR+Iyz13Dko3DavUUX3xEHNYiPQ9jj9P+pG2SrAoGBAIHbX4GKGcS79/zQ1MlU\nbpma7ZiiDsFrxe+aookcZFrkqpn1SSwcjU0JWcawqXIeGYBy2Yqx7r0tKntwZKM+\nySrB8CU2UqTiLI4xxGdjYAt3xxwajC81PGc53LVBBEQSpU0x1LoNQInlTb0rG0MK\n0mhIXhPQx2UBE3fix271XDnc\n-----END PRIVATE KEY-----\n",
            "public_key_fingerprint_md5": "11:26:6f:c6:1a:57:39:03:49:c1:84:f9:6d:75:28:1b",
            "public_key_fingerprint_sha256": "SHA256:1VlM50EvGHJX9bI8dZFOiOvwZbAlaPxt479NKmNJKdA",
            "public_key_openssh": "ssh-rsa AAAAB3NzaC1yc2EAAAADAQABAAABAQDbp6ckwa1xpxZ8PDGx8U5NwtQV6mBsgSAeL7/TDa9h9Gt8pafQdkyo29frW0AvG5KqkzuVp4IFBhoMPaZ4XozEQgxiCOdnRrtNC9rVDqDXp93dXNsmeNfxplmWk0oIbImeUm0Ug2hLUg1z9ysMmkZ0mjDUV+YG8q+Y0gNLGAI5yBWUZxkC3T43uz/lkeAM4rx1Nqu+AHNxr9tIvD/ZIPNIVgh3h6X3A4Vu2fM05oGsiiLD0IHa0qCQvJUXSxr/L4GGIZF1xoZnHpne0UMjnQnTDJfXvdOMakj9K+NtaT9jZ9GF51G5vUc/D6QV1VggTQsqFw1Ljl5CasyiaK0pNyWh\n",
            "public_key_pem": "-----BEGIN PUBLIC KEY-----\nMIIBIjANBgkqhkiG9w0BAQEFAAOCAQ8AMIIBCgKCAQEA26enJMGtcacWfDwxsfFO\nTcLUFepgbIEgHi+/0w2vYfRrfKWn0HZMqNvX61tALxuSqpM7laeCBQYaDD2meF6M\nxEIMYgjnZ0a7TQva1Q6g16fd3VzbJnjX8aZZlpNKCGyJnlJtFINoS1INc/crDJpG\ndJow1FfmBvKvmNIDSxgCOcgVlGcZAt0+N7s/5ZHgDOK8dTarvgBzca/bSLw/2SDz\nSFYId4el9wOFbtnzNOaBrIoiw9CB2tKgkLyVF0sa/y+BhiGRdcaGZx6Z3tFDI50J\n0wyX173TjGpI/SvjbWk/Y2fRhedRub1HPw+kFdVYIE0LKhcNS45eQmrMomitKTcl\noQIDAQAB\n-----END PUBLIC KEY-----\n",
            "rsa_bits": 2048
          },
          "sensitive_attributes": []
        }
      ]
    }
  ],
  "check_results": null
}
